// !$*UTF8*$!
{
	archiveVersion = 1;
	classes = {
	};
	objectVersion = 50;
	objects = {

/* Begin PBXBuildFile section */
		3AD3A80234EB8EF5B8867356 /* Pods_TravelDiaries.framework in Frameworks */ = {isa = PBXBuildFile; fileRef = 1853323A651A2C346FB03FC7 /* Pods_TravelDiaries.framework */; };
		4337D3EB213E493F00D5A15F /* SwiftyJSON.framework in Frameworks */ = {isa = PBXBuildFile; fileRef = 4337D3EA213E493F00D5A15F /* SwiftyJSON.framework */; };
		4337D3ED213E64E700D5A15F /* Constants.swift in Sources */ = {isa = PBXBuildFile; fileRef = 4337D3EC213E64E700D5A15F /* Constants.swift */; };
		4337D3EF213E6DDC00D5A15F /* SDWebImage.framework in Frameworks */ = {isa = PBXBuildFile; fileRef = 4337D3EE213E6DDC00D5A15F /* SDWebImage.framework */; };
		4337D3F1213E709400D5A15F /* PureLayout.framework in Frameworks */ = {isa = PBXBuildFile; fileRef = 4337D3F0213E709400D5A15F /* PureLayout.framework */; };
		4337D3F3213E82A300D5A15F /* PlaceModel.swift in Sources */ = {isa = PBXBuildFile; fileRef = 4337D3F2213E82A300D5A15F /* PlaceModel.swift */; };
		4337D3F5213E8A9B00D5A15F /* placeTableViewCell.swift in Sources */ = {isa = PBXBuildFile; fileRef = 4337D3F4213E8A9B00D5A15F /* placeTableViewCell.swift */; };
		43544E69213D425E00179EF8 /* AppDelegate.swift in Sources */ = {isa = PBXBuildFile; fileRef = 43544E68213D425E00179EF8 /* AppDelegate.swift */; };
		43544E6B213D425E00179EF8 /* HomeVC.swift in Sources */ = {isa = PBXBuildFile; fileRef = 43544E6A213D425E00179EF8 /* HomeVC.swift */; };
		43544E73213D426100179EF8 /* Assets.xcassets in Resources */ = {isa = PBXBuildFile; fileRef = 43544E72213D426100179EF8 /* Assets.xcassets */; };
		43544E76213D426100179EF8 /* LaunchScreen.storyboard in Resources */ = {isa = PBXBuildFile; fileRef = 43544E74213D426100179EF8 /* LaunchScreen.storyboard */; };
		43544E81213D426100179EF8 /* TravelDiariesTests.swift in Sources */ = {isa = PBXBuildFile; fileRef = 43544E80213D426100179EF8 /* TravelDiariesTests.swift */; };
		43544E8C213D512E00179EF8 /* Service.swift in Sources */ = {isa = PBXBuildFile; fileRef = 43544E8B213D512E00179EF8 /* Service.swift */; };
		439008BA213FCD9D0029A00B /* NetworkReachability.swift in Sources */ = {isa = PBXBuildFile; fileRef = 439008B9213FCD9D0029A00B /* NetworkReachability.swift */; };
		439008BE213FEAD80029A00B /* Pods_TravelDiaries.framework in Frameworks */ = {isa = PBXBuildFile; fileRef = 439008BD213FEAD80029A00B /* Pods_TravelDiaries.framework */; };
		439008C0213FEAD80029A00B /* PureLayout.framework in Frameworks */ = {isa = PBXBuildFile; fileRef = 439008BF213FEAD80029A00B /* PureLayout.framework */; };
		439008C2213FEAD80029A00B /* SDWebImage.framework in Frameworks */ = {isa = PBXBuildFile; fileRef = 439008C1213FEAD80029A00B /* SDWebImage.framework */; };
		439008C4213FEAD80029A00B /* SwiftyJSON.framework in Frameworks */ = {isa = PBXBuildFile; fileRef = 439008C3213FEAD80029A00B /* SwiftyJSON.framework */; };
		43B88586213D5F0F00DCDA24 /* Alamofire.framework in Frameworks */ = {isa = PBXBuildFile; fileRef = 43B88585213D5F0F00DCDA24 /* Alamofire.framework */; };
		43B88588213D5F5100DCDA24 /* Alamofire.framework in Frameworks */ = {isa = PBXBuildFile; fileRef = 43B88587213D5F5100DCDA24 /* Alamofire.framework */; };
		9A0DC0893F3FAE92493AE7E3 /* Pods_TravelDiaries.framework in Frameworks */ = {isa = PBXBuildFile; fileRef = 439008BD213FEAD80029A00B /* Pods_TravelDiaries.framework */; };
		A7239DC38B1484D35ED5BA82 /* Pods_TravelDiariesTests.framework in Frameworks */ = {isa = PBXBuildFile; fileRef = 7FC2BE89477169CC23AD4835 /* Pods_TravelDiariesTests.framework */; };
/* End PBXBuildFile section */

/* Begin PBXContainerItemProxy section */
		43544E7D213D426100179EF8 /* PBXContainerItemProxy */ = {
			isa = PBXContainerItemProxy;
			containerPortal = 43544E5D213D425E00179EF8 /* Project object */;
			proxyType = 1;
			remoteGlobalIDString = 43544E64213D425E00179EF8;
			remoteInfo = TravelDiaries;
		};
/* End PBXContainerItemProxy section */

/* Begin PBXFileReference section */
		0F4AFD2368D0AD7E6F862704 /* Pods-TravelDiaries-TravelDiariesTests.debug.xcconfig */ = {isa = PBXFileReference; includeInIndex = 1; lastKnownFileType = text.xcconfig; name = "Pods-TravelDiaries-TravelDiariesTests.debug.xcconfig"; path = "Pods/Target Support Files/Pods-TravelDiaries-TravelDiariesTests/Pods-TravelDiaries-TravelDiariesTests.debug.xcconfig"; sourceTree = "<group>"; };
		1853323A651A2C346FB03FC7 /* Pods_TravelDiaries.framework */ = {isa = PBXFileReference; explicitFileType = wrapper.framework; includeInIndex = 0; path = Pods_TravelDiaries.framework; sourceTree = BUILT_PRODUCTS_DIR; };
		2B2072A3DD62C0E4AA6C5B1B /* Pods-TravelDiaries.release.xcconfig */ = {isa = PBXFileReference; includeInIndex = 1; lastKnownFileType = text.xcconfig; name = "Pods-TravelDiaries.release.xcconfig"; path = "Pods/Target Support Files/Pods-TravelDiaries/Pods-TravelDiaries.release.xcconfig"; sourceTree = "<group>"; };
		4337D3EA213E493F00D5A15F /* SwiftyJSON.framework */ = {isa = PBXFileReference; explicitFileType = wrapper.framework; path = SwiftyJSON.framework; sourceTree = BUILT_PRODUCTS_DIR; };
		4337D3EC213E64E700D5A15F /* Constants.swift */ = {isa = PBXFileReference; lastKnownFileType = sourcecode.swift; path = Constants.swift; sourceTree = "<group>"; };
		4337D3EE213E6DDC00D5A15F /* SDWebImage.framework */ = {isa = PBXFileReference; explicitFileType = wrapper.framework; path = SDWebImage.framework; sourceTree = BUILT_PRODUCTS_DIR; };
		4337D3F0213E709400D5A15F /* PureLayout.framework */ = {isa = PBXFileReference; explicitFileType = wrapper.framework; path = PureLayout.framework; sourceTree = BUILT_PRODUCTS_DIR; };
		4337D3F2213E82A300D5A15F /* PlaceModel.swift */ = {isa = PBXFileReference; lastKnownFileType = sourcecode.swift; path = PlaceModel.swift; sourceTree = "<group>"; };
		4337D3F4213E8A9B00D5A15F /* placeTableViewCell.swift */ = {isa = PBXFileReference; lastKnownFileType = sourcecode.swift; path = placeTableViewCell.swift; sourceTree = "<group>"; };
		434932CB213D5C2300A7242D /* Alamofire.framework */ = {isa = PBXFileReference; explicitFileType = wrapper.framework; path = Alamofire.framework; sourceTree = BUILT_PRODUCTS_DIR; };
		43544E65213D425E00179EF8 /* TravelDiaries.app */ = {isa = PBXFileReference; explicitFileType = wrapper.application; includeInIndex = 0; path = TravelDiaries.app; sourceTree = BUILT_PRODUCTS_DIR; };
		43544E68213D425E00179EF8 /* AppDelegate.swift */ = {isa = PBXFileReference; lastKnownFileType = sourcecode.swift; path = AppDelegate.swift; sourceTree = "<group>"; };
		43544E6A213D425E00179EF8 /* HomeVC.swift */ = {isa = PBXFileReference; lastKnownFileType = sourcecode.swift; path = HomeVC.swift; sourceTree = "<group>"; };
		43544E72213D426100179EF8 /* Assets.xcassets */ = {isa = PBXFileReference; lastKnownFileType = folder.assetcatalog; path = Assets.xcassets; sourceTree = "<group>"; };
		43544E75213D426100179EF8 /* Base */ = {isa = PBXFileReference; lastKnownFileType = file.storyboard; name = Base; path = Base.lproj/LaunchScreen.storyboard; sourceTree = "<group>"; };
		43544E77213D426100179EF8 /* Info.plist */ = {isa = PBXFileReference; lastKnownFileType = text.plist.xml; path = Info.plist; sourceTree = "<group>"; };
		43544E7C213D426100179EF8 /* TravelDiariesTests.xctest */ = {isa = PBXFileReference; explicitFileType = wrapper.cfbundle; includeInIndex = 0; path = TravelDiariesTests.xctest; sourceTree = BUILT_PRODUCTS_DIR; };
		43544E80213D426100179EF8 /* TravelDiariesTests.swift */ = {isa = PBXFileReference; lastKnownFileType = sourcecode.swift; path = TravelDiariesTests.swift; sourceTree = "<group>"; };
		43544E82213D426100179EF8 /* Info.plist */ = {isa = PBXFileReference; lastKnownFileType = text.plist.xml; path = Info.plist; sourceTree = "<group>"; };
		43544E8B213D512E00179EF8 /* Service.swift */ = {isa = PBXFileReference; lastKnownFileType = sourcecode.swift; path = Service.swift; sourceTree = "<group>"; };
		43544E93213D5A2600179EF8 /* Alamofire.framework */ = {isa = PBXFileReference; explicitFileType = wrapper.framework; path = Alamofire.framework; sourceTree = BUILT_PRODUCTS_DIR; };
		439008B9213FCD9D0029A00B /* NetworkReachability.swift */ = {isa = PBXFileReference; lastKnownFileType = sourcecode.swift; path = NetworkReachability.swift; sourceTree = "<group>"; };
		439008BD213FEAD80029A00B /* Pods_TravelDiaries.framework */ = {isa = PBXFileReference; explicitFileType = wrapper.framework; path = Pods_TravelDiaries.framework; sourceTree = BUILT_PRODUCTS_DIR; };
		439008BF213FEAD80029A00B /* PureLayout.framework */ = {isa = PBXFileReference; explicitFileType = wrapper.framework; path = PureLayout.framework; sourceTree = BUILT_PRODUCTS_DIR; };
		439008C1213FEAD80029A00B /* SDWebImage.framework */ = {isa = PBXFileReference; explicitFileType = wrapper.framework; path = SDWebImage.framework; sourceTree = BUILT_PRODUCTS_DIR; };
		439008C3213FEAD80029A00B /* SwiftyJSON.framework */ = {isa = PBXFileReference; explicitFileType = wrapper.framework; path = SwiftyJSON.framework; sourceTree = BUILT_PRODUCTS_DIR; };
		43B88585213D5F0F00DCDA24 /* Alamofire.framework */ = {isa = PBXFileReference; explicitFileType = wrapper.framework; path = Alamofire.framework; sourceTree = BUILT_PRODUCTS_DIR; };
		43B88587213D5F5100DCDA24 /* Alamofire.framework */ = {isa = PBXFileReference; explicitFileType = wrapper.framework; path = Alamofire.framework; sourceTree = BUILT_PRODUCTS_DIR; };
		6011AD73ABD203239D270054 /* Pods-TravelDiariesTests.release.xcconfig */ = {isa = PBXFileReference; includeInIndex = 1; lastKnownFileType = text.xcconfig; name = "Pods-TravelDiariesTests.release.xcconfig"; path = "Pods/Target Support Files/Pods-TravelDiariesTests/Pods-TravelDiariesTests.release.xcconfig"; sourceTree = "<group>"; };
		7FC2BE89477169CC23AD4835 /* Pods_TravelDiariesTests.framework */ = {isa = PBXFileReference; explicitFileType = wrapper.framework; includeInIndex = 0; path = Pods_TravelDiariesTests.framework; sourceTree = BUILT_PRODUCTS_DIR; };
		8CFB385B222741C56CDA7ABB /* Pods_TravelDiaries_TravelDiariesTests.framework */ = {isa = PBXFileReference; explicitFileType = wrapper.framework; includeInIndex = 0; path = Pods_TravelDiaries_TravelDiariesTests.framework; sourceTree = BUILT_PRODUCTS_DIR; };
		9C41DFDAFB77EB715782475B /* Pods-TravelDiariesTests.debug.xcconfig */ = {isa = PBXFileReference; includeInIndex = 1; lastKnownFileType = text.xcconfig; name = "Pods-TravelDiariesTests.debug.xcconfig"; path = "Pods/Target Support Files/Pods-TravelDiariesTests/Pods-TravelDiariesTests.debug.xcconfig"; sourceTree = "<group>"; };
		A55E652A39977591FB595C17 /* Pods-TravelDiaries-TravelDiariesTests.release.xcconfig */ = {isa = PBXFileReference; includeInIndex = 1; lastKnownFileType = text.xcconfig; name = "Pods-TravelDiaries-TravelDiariesTests.release.xcconfig"; path = "Pods/Target Support Files/Pods-TravelDiaries-TravelDiariesTests/Pods-TravelDiaries-TravelDiariesTests.release.xcconfig"; sourceTree = "<group>"; };
		A89EBB5F5C4A2413C758F18A /* Pods-TravelDiaries.debug.xcconfig */ = {isa = PBXFileReference; includeInIndex = 1; lastKnownFileType = text.xcconfig; name = "Pods-TravelDiaries.debug.xcconfig"; path = "Pods/Target Support Files/Pods-TravelDiaries/Pods-TravelDiaries.debug.xcconfig"; sourceTree = "<group>"; };
/* End PBXFileReference section */

/* Begin PBXFrameworksBuildPhase section */
		43544E62213D425E00179EF8 /* Frameworks */ = {
			isa = PBXFrameworksBuildPhase;
			buildActionMask = 2147483647;
			files = (
				4337D3F1213E709400D5A15F /* PureLayout.framework in Frameworks */,
				4337D3EF213E6DDC00D5A15F /* SDWebImage.framework in Frameworks */,
				4337D3EB213E493F00D5A15F /* SwiftyJSON.framework in Frameworks */,
				43B88586213D5F0F00DCDA24 /* Alamofire.framework in Frameworks */,
				3AD3A80234EB8EF5B8867356 /* Pods_TravelDiaries.framework in Frameworks */,
				9A0DC0893F3FAE92493AE7E3 /* Pods_TravelDiaries.framework in Frameworks */,
			);
			runOnlyForDeploymentPostprocessing = 0;
		};
		43544E79213D426100179EF8 /* Frameworks */ = {
			isa = PBXFrameworksBuildPhase;
			buildActionMask = 2147483647;
			files = (
				439008BE213FEAD80029A00B /* Pods_TravelDiaries.framework in Frameworks */,
				439008C0213FEAD80029A00B /* PureLayout.framework in Frameworks */,
				439008C2213FEAD80029A00B /* SDWebImage.framework in Frameworks */,
				439008C4213FEAD80029A00B /* SwiftyJSON.framework in Frameworks */,
				43B88588213D5F5100DCDA24 /* Alamofire.framework in Frameworks */,
				A7239DC38B1484D35ED5BA82 /* Pods_TravelDiariesTests.framework in Frameworks */,
			);
			runOnlyForDeploymentPostprocessing = 0;
		};
/* End PBXFrameworksBuildPhase section */

/* Begin PBXGroup section */
		43544E5C213D425E00179EF8 = {
			isa = PBXGroup;
			children = (
				43544E67213D425E00179EF8 /* TravelDiaries */,
				43544E7F213D426100179EF8 /* TravelDiariesTests */,
				43544E66213D425E00179EF8 /* Products */,
				EEC8E9462CBD54008BBEE74E /* Pods */,
				69E13B61248587603A4A6B8F /* Frameworks */,
			);
			sourceTree = "<group>";
		};
		43544E66213D425E00179EF8 /* Products */ = {
			isa = PBXGroup;
			children = (
				43544E65213D425E00179EF8 /* TravelDiaries.app */,
				43544E7C213D426100179EF8 /* TravelDiariesTests.xctest */,
			);
			name = Products;
			sourceTree = "<group>";
		};
		43544E67213D425E00179EF8 /* TravelDiaries */ = {
			isa = PBXGroup;
			children = (
				43544E68213D425E00179EF8 /* AppDelegate.swift */,
				43544E8B213D512E00179EF8 /* Service.swift */,
				43544E6A213D425E00179EF8 /* HomeVC.swift */,
				4337D3EC213E64E700D5A15F /* Constants.swift */,
				43544E72213D426100179EF8 /* Assets.xcassets */,
				43544E74213D426100179EF8 /* LaunchScreen.storyboard */,
				43544E77213D426100179EF8 /* Info.plist */,
				4337D3F2213E82A300D5A15F /* PlaceModel.swift */,
				4337D3F4213E8A9B00D5A15F /* placeTableViewCell.swift */,
				439008B9213FCD9D0029A00B /* NetworkReachability.swift */,
			);
			path = TravelDiaries;
			sourceTree = "<group>";
		};
		43544E7F213D426100179EF8 /* TravelDiariesTests */ = {
			isa = PBXGroup;
			children = (
				43544E80213D426100179EF8 /* TravelDiariesTests.swift */,
				43544E82213D426100179EF8 /* Info.plist */,
			);
			path = TravelDiariesTests;
			sourceTree = "<group>";
		};
		69E13B61248587603A4A6B8F /* Frameworks */ = {
			isa = PBXGroup;
			children = (
				439008BD213FEAD80029A00B /* Pods_TravelDiaries.framework */,
				439008BF213FEAD80029A00B /* PureLayout.framework */,
				439008C1213FEAD80029A00B /* SDWebImage.framework */,
				439008C3213FEAD80029A00B /* SwiftyJSON.framework */,
				4337D3F0213E709400D5A15F /* PureLayout.framework */,
				4337D3EE213E6DDC00D5A15F /* SDWebImage.framework */,
				4337D3EA213E493F00D5A15F /* SwiftyJSON.framework */,
				43B88587213D5F5100DCDA24 /* Alamofire.framework */,
				43B88585213D5F0F00DCDA24 /* Alamofire.framework */,
				434932CB213D5C2300A7242D /* Alamofire.framework */,
				43544E93213D5A2600179EF8 /* Alamofire.framework */,
				1853323A651A2C346FB03FC7 /* Pods_TravelDiaries.framework */,
				8CFB385B222741C56CDA7ABB /* Pods_TravelDiaries_TravelDiariesTests.framework */,
				7FC2BE89477169CC23AD4835 /* Pods_TravelDiariesTests.framework */,
			);
			name = Frameworks;
			sourceTree = "<group>";
		};
		EEC8E9462CBD54008BBEE74E /* Pods */ = {
			isa = PBXGroup;
			children = (
				A89EBB5F5C4A2413C758F18A /* Pods-TravelDiaries.debug.xcconfig */,
				2B2072A3DD62C0E4AA6C5B1B /* Pods-TravelDiaries.release.xcconfig */,
				0F4AFD2368D0AD7E6F862704 /* Pods-TravelDiaries-TravelDiariesTests.debug.xcconfig */,
				A55E652A39977591FB595C17 /* Pods-TravelDiaries-TravelDiariesTests.release.xcconfig */,
				9C41DFDAFB77EB715782475B /* Pods-TravelDiariesTests.debug.xcconfig */,
				6011AD73ABD203239D270054 /* Pods-TravelDiariesTests.release.xcconfig */,
			);
			name = Pods;
			sourceTree = "<group>";
		};
/* End PBXGroup section */

/* Begin PBXNativeTarget section */
		43544E64213D425E00179EF8 /* TravelDiaries */ = {
			isa = PBXNativeTarget;
			buildConfigurationList = 43544E85213D426100179EF8 /* Build configuration list for PBXNativeTarget "TravelDiaries" */;
			buildPhases = (
				62FE1B146BA8920E8E8E2F33 /* [CP] Check Pods Manifest.lock */,
				43544E61213D425E00179EF8 /* Sources */,
				43544E62213D425E00179EF8 /* Frameworks */,
				43544E63213D425E00179EF8 /* Resources */,
				708300AF5637DEF24134343B /* [CP] Embed Pods Frameworks */,
			);
			buildRules = (
			);
			dependencies = (
			);
			name = TravelDiaries;
			productName = TravelDiaries;
			productReference = 43544E65213D425E00179EF8 /* TravelDiaries.app */;
			productType = "com.apple.product-type.application";
		};
		43544E7B213D426100179EF8 /* TravelDiariesTests */ = {
			isa = PBXNativeTarget;
			buildConfigurationList = 43544E88213D426100179EF8 /* Build configuration list for PBXNativeTarget "TravelDiariesTests" */;
			buildPhases = (
				E3FC3AC54D5F2742D5013215 /* [CP] Check Pods Manifest.lock */,
				43544E78213D426100179EF8 /* Sources */,
				43544E79213D426100179EF8 /* Frameworks */,
				43544E7A213D426100179EF8 /* Resources */,
				3C2AB3833DA5982B12428FBF /* [CP] Embed Pods Frameworks */,
			);
			buildRules = (
			);
			dependencies = (
				43544E7E213D426100179EF8 /* PBXTargetDependency */,
			);
			name = TravelDiariesTests;
			productName = TravelDiariesTests;
			productReference = 43544E7C213D426100179EF8 /* TravelDiariesTests.xctest */;
			productType = "com.apple.product-type.bundle.unit-test";
		};
/* End PBXNativeTarget section */

/* Begin PBXProject section */
		43544E5D213D425E00179EF8 /* Project object */ = {
			isa = PBXProject;
			attributes = {
				LastSwiftUpdateCheck = 0940;
				LastUpgradeCheck = 0940;
				ORGANIZATIONNAME = Wipro;
				TargetAttributes = {
					43544E64213D425E00179EF8 = {
						CreatedOnToolsVersion = 9.4.1;
					};
					43544E7B213D426100179EF8 = {
						CreatedOnToolsVersion = 9.4.1;
						TestTargetID = 43544E64213D425E00179EF8;
					};
				};
			};
			buildConfigurationList = 43544E60213D425E00179EF8 /* Build configuration list for PBXProject "TravelDiaries" */;
			compatibilityVersion = "Xcode 9.3";
			developmentRegion = en;
			hasScannedForEncodings = 0;
			knownRegions = (
				en,
				Base,
			);
			mainGroup = 43544E5C213D425E00179EF8;
			productRefGroup = 43544E66213D425E00179EF8 /* Products */;
			projectDirPath = "";
			projectRoot = "";
			targets = (
				43544E64213D425E00179EF8 /* TravelDiaries */,
				43544E7B213D426100179EF8 /* TravelDiariesTests */,
			);
		};
/* End PBXProject section */

/* Begin PBXResourcesBuildPhase section */
		43544E63213D425E00179EF8 /* Resources */ = {
			isa = PBXResourcesBuildPhase;
			buildActionMask = 2147483647;
			files = (
				43544E76213D426100179EF8 /* LaunchScreen.storyboard in Resources */,
				43544E73213D426100179EF8 /* Assets.xcassets in Resources */,
			);
			runOnlyForDeploymentPostprocessing = 0;
		};
		43544E7A213D426100179EF8 /* Resources */ = {
			isa = PBXResourcesBuildPhase;
			buildActionMask = 2147483647;
			files = (
			);
			runOnlyForDeploymentPostprocessing = 0;
		};
/* End PBXResourcesBuildPhase section */

/* Begin PBXShellScriptBuildPhase section */
		3C2AB3833DA5982B12428FBF /* [CP] Embed Pods Frameworks */ = {
			isa = PBXShellScriptBuildPhase;
			buildActionMask = 2147483647;
			files = (
			);
			inputPaths = (
				"${SRCROOT}/Pods/Target Support Files/Pods-TravelDiariesTests/Pods-TravelDiariesTests-frameworks.sh",
				"${BUILT_PRODUCTS_DIR}/Alamofire/Alamofire.framework",
				"${BUILT_PRODUCTS_DIR}/PureLayout/PureLayout.framework",
				"${BUILT_PRODUCTS_DIR}/SDWebImage/SDWebImage.framework",
				"${BUILT_PRODUCTS_DIR}/SwiftyJSON/SwiftyJSON.framework",
			);
			name = "[CP] Embed Pods Frameworks";
			outputPaths = (
				"${TARGET_BUILD_DIR}/${FRAMEWORKS_FOLDER_PATH}/Alamofire.framework",
				"${TARGET_BUILD_DIR}/${FRAMEWORKS_FOLDER_PATH}/PureLayout.framework",
				"${TARGET_BUILD_DIR}/${FRAMEWORKS_FOLDER_PATH}/SDWebImage.framework",
				"${TARGET_BUILD_DIR}/${FRAMEWORKS_FOLDER_PATH}/SwiftyJSON.framework",
			);
			runOnlyForDeploymentPostprocessing = 0;
			shellPath = /bin/sh;
			shellScript = "\"${SRCROOT}/Pods/Target Support Files/Pods-TravelDiariesTests/Pods-TravelDiariesTests-frameworks.sh\"\n";
			showEnvVarsInLog = 0;
		};
		62FE1B146BA8920E8E8E2F33 /* [CP] Check Pods Manifest.lock */ = {
			isa = PBXShellScriptBuildPhase;
			buildActionMask = 2147483647;
			files = (
			);
			inputPaths = (
				"${PODS_PODFILE_DIR_PATH}/Podfile.lock",
				"${PODS_ROOT}/Manifest.lock",
			);
			name = "[CP] Check Pods Manifest.lock";
			outputPaths = (
				"$(DERIVED_FILE_DIR)/Pods-TravelDiaries-checkManifestLockResult.txt",
			);
			runOnlyForDeploymentPostprocessing = 0;
			shellPath = /bin/sh;
			shellScript = "diff \"${PODS_PODFILE_DIR_PATH}/Podfile.lock\" \"${PODS_ROOT}/Manifest.lock\" > /dev/null\nif [ $? != 0 ] ; then\n    # print error to STDERR\n    echo \"error: The sandbox is not in sync with the Podfile.lock. Run 'pod install' or update your CocoaPods installation.\" >&2\n    exit 1\nfi\n# This output is used by Xcode 'outputs' to avoid re-running this script phase.\necho \"SUCCESS\" > \"${SCRIPT_OUTPUT_FILE_0}\"\n";
			showEnvVarsInLog = 0;
		};
		708300AF5637DEF24134343B /* [CP] Embed Pods Frameworks */ = {
			isa = PBXShellScriptBuildPhase;
			buildActionMask = 2147483647;
			files = (
			);
			inputPaths = (
				"${SRCROOT}/Pods/Target Support Files/Pods-TravelDiaries/Pods-TravelDiaries-frameworks.sh",
				"${BUILT_PRODUCTS_DIR}/Alamofire/Alamofire.framework",
				"${BUILT_PRODUCTS_DIR}/PureLayout/PureLayout.framework",
				"${BUILT_PRODUCTS_DIR}/SDWebImage/SDWebImage.framework",
				"${BUILT_PRODUCTS_DIR}/SwiftyJSON/SwiftyJSON.framework",
			);
			name = "[CP] Embed Pods Frameworks";
			outputPaths = (
				"${TARGET_BUILD_DIR}/${FRAMEWORKS_FOLDER_PATH}/Alamofire.framework",
				"${TARGET_BUILD_DIR}/${FRAMEWORKS_FOLDER_PATH}/PureLayout.framework",
				"${TARGET_BUILD_DIR}/${FRAMEWORKS_FOLDER_PATH}/SDWebImage.framework",
				"${TARGET_BUILD_DIR}/${FRAMEWORKS_FOLDER_PATH}/SwiftyJSON.framework",
			);
			runOnlyForDeploymentPostprocessing = 0;
			shellPath = /bin/sh;
			shellScript = "\"${SRCROOT}/Pods/Target Support Files/Pods-TravelDiaries/Pods-TravelDiaries-frameworks.sh\"\n";
			showEnvVarsInLog = 0;
		};
		E3FC3AC54D5F2742D5013215 /* [CP] Check Pods Manifest.lock */ = {
			isa = PBXShellScriptBuildPhase;
			buildActionMask = 2147483647;
			files = (
			);
			inputPaths = (
				"${PODS_PODFILE_DIR_PATH}/Podfile.lock",
				"${PODS_ROOT}/Manifest.lock",
			);
			name = "[CP] Check Pods Manifest.lock";
			outputPaths = (
				"$(DERIVED_FILE_DIR)/Pods-TravelDiariesTests-checkManifestLockResult.txt",
			);
			runOnlyForDeploymentPostprocessing = 0;
			shellPath = /bin/sh;
			shellScript = "diff \"${PODS_PODFILE_DIR_PATH}/Podfile.lock\" \"${PODS_ROOT}/Manifest.lock\" > /dev/null\nif [ $? != 0 ] ; then\n    # print error to STDERR\n    echo \"error: The sandbox is not in sync with the Podfile.lock. Run 'pod install' or update your CocoaPods installation.\" >&2\n    exit 1\nfi\n# This output is used by Xcode 'outputs' to avoid re-running this script phase.\necho \"SUCCESS\" > \"${SCRIPT_OUTPUT_FILE_0}\"\n";
			showEnvVarsInLog = 0;
		};
/* End PBXShellScriptBuildPhase section */

/* Begin PBXSourcesBuildPhase section */
		43544E61213D425E00179EF8 /* Sources */ = {
			isa = PBXSourcesBuildPhase;
			buildActionMask = 2147483647;
			files = (
				43544E6B213D425E00179EF8 /* HomeVC.swift in Sources */,
				4337D3F5213E8A9B00D5A15F /* placeTableViewCell.swift in Sources */,
				439008BA213FCD9D0029A00B /* NetworkReachability.swift in Sources */,
				43544E69213D425E00179EF8 /* AppDelegate.swift in Sources */,
				4337D3F3213E82A300D5A15F /* PlaceModel.swift in Sources */,
				43544E8C213D512E00179EF8 /* Service.swift in Sources */,
				4337D3ED213E64E700D5A15F /* Constants.swift in Sources */,
			);
			runOnlyForDeploymentPostprocessing = 0;
		};
		43544E78213D426100179EF8 /* Sources */ = {
			isa = PBXSourcesBuildPhase;
			buildActionMask = 2147483647;
			files = (
				43544E81213D426100179EF8 /* TravelDiariesTests.swift in Sources */,
			);
			runOnlyForDeploymentPostprocessing = 0;
		};
/* End PBXSourcesBuildPhase section */

/* Begin PBXTargetDependency section */
		43544E7E213D426100179EF8 /* PBXTargetDependency */ = {
			isa = PBXTargetDependency;
			target = 43544E64213D425E00179EF8 /* TravelDiaries */;
			targetProxy = 43544E7D213D426100179EF8 /* PBXContainerItemProxy */;
		};
/* End PBXTargetDependency section */

/* Begin PBXVariantGroup section */
		43544E74213D426100179EF8 /* LaunchScreen.storyboard */ = {
			isa = PBXVariantGroup;
			children = (
				43544E75213D426100179EF8 /* Base */,
			);
			name = LaunchScreen.storyboard;
			sourceTree = "<group>";
		};
/* End PBXVariantGroup section */

/* Begin XCBuildConfiguration section */
		43544E83213D426100179EF8 /* Debug */ = {
			isa = XCBuildConfiguration;
			buildSettings = {
				ALWAYS_SEARCH_USER_PATHS = NO;
				CLANG_ANALYZER_NONNULL = YES;
				CLANG_ANALYZER_NUMBER_OBJECT_CONVERSION = YES_AGGRESSIVE;
				CLANG_CXX_LANGUAGE_STANDARD = "gnu++14";
				CLANG_CXX_LIBRARY = "libc++";
				CLANG_ENABLE_MODULES = YES;
				CLANG_ENABLE_OBJC_ARC = YES;
				CLANG_ENABLE_OBJC_WEAK = YES;
				CLANG_WARN_BLOCK_CAPTURE_AUTORELEASING = YES;
				CLANG_WARN_BOOL_CONVERSION = YES;
				CLANG_WARN_COMMA = YES;
				CLANG_WARN_CONSTANT_CONVERSION = YES;
				CLANG_WARN_DEPRECATED_OBJC_IMPLEMENTATIONS = YES;
				CLANG_WARN_DIRECT_OBJC_ISA_USAGE = YES_ERROR;
				CLANG_WARN_DOCUMENTATION_COMMENTS = YES;
				CLANG_WARN_EMPTY_BODY = YES;
				CLANG_WARN_ENUM_CONVERSION = YES;
				CLANG_WARN_INFINITE_RECURSION = YES;
				CLANG_WARN_INT_CONVERSION = YES;
				CLANG_WARN_NON_LITERAL_NULL_CONVERSION = YES;
				CLANG_WARN_OBJC_IMPLICIT_RETAIN_SELF = YES;
				CLANG_WARN_OBJC_LITERAL_CONVERSION = YES;
				CLANG_WARN_OBJC_ROOT_CLASS = YES_ERROR;
				CLANG_WARN_RANGE_LOOP_ANALYSIS = YES;
				CLANG_WARN_STRICT_PROTOTYPES = YES;
				CLANG_WARN_SUSPICIOUS_MOVE = YES;
				CLANG_WARN_UNGUARDED_AVAILABILITY = YES_AGGRESSIVE;
				CLANG_WARN_UNREACHABLE_CODE = YES;
				CLANG_WARN__DUPLICATE_METHOD_MATCH = YES;
				CODE_SIGN_IDENTITY = "iPhone Developer";
				COPY_PHASE_STRIP = NO;
				DEBUG_INFORMATION_FORMAT = dwarf;
				ENABLE_STRICT_OBJC_MSGSEND = YES;
				ENABLE_TESTABILITY = YES;
				GCC_C_LANGUAGE_STANDARD = gnu11;
				GCC_DYNAMIC_NO_PIC = NO;
				GCC_NO_COMMON_BLOCKS = YES;
				GCC_OPTIMIZATION_LEVEL = 0;
				GCC_PREPROCESSOR_DEFINITIONS = (
					"DEBUG=1",
					"$(inherited)",
				);
				GCC_WARN_64_TO_32_BIT_CONVERSION = YES;
				GCC_WARN_ABOUT_RETURN_TYPE = YES_ERROR;
				GCC_WARN_UNDECLARED_SELECTOR = YES;
				GCC_WARN_UNINITIALIZED_AUTOS = YES_AGGRESSIVE;
				GCC_WARN_UNUSED_FUNCTION = YES;
				GCC_WARN_UNUSED_VARIABLE = YES;
				HEADER_SEARCH_PATHS = (
					"$(PROJECT_DIR)/**",
					"$(inherited)",
				);
				IPHONEOS_DEPLOYMENT_TARGET = 11.4;
				LIBRARY_SEARCH_PATHS = (
					"$(PROJECT_DIR)/**",
					"$(inherited)",
				);
				MTL_ENABLE_DEBUG_INFO = YES;
				ONLY_ACTIVE_ARCH = YES;
				OTHER_LDFLAGS = "$(inherited)";
				SDKROOT = iphoneos;
				SWIFT_ACTIVE_COMPILATION_CONDITIONS = DEBUG;
				SWIFT_OPTIMIZATION_LEVEL = "-Onone";
			};
			name = Debug;
		};
		43544E84213D426100179EF8 /* Release */ = {
			isa = XCBuildConfiguration;
			buildSettings = {
				ALWAYS_SEARCH_USER_PATHS = NO;
				CLANG_ANALYZER_NONNULL = YES;
				CLANG_ANALYZER_NUMBER_OBJECT_CONVERSION = YES_AGGRESSIVE;
				CLANG_CXX_LANGUAGE_STANDARD = "gnu++14";
				CLANG_CXX_LIBRARY = "libc++";
				CLANG_ENABLE_MODULES = YES;
				CLANG_ENABLE_OBJC_ARC = YES;
				CLANG_ENABLE_OBJC_WEAK = YES;
				CLANG_WARN_BLOCK_CAPTURE_AUTORELEASING = YES;
				CLANG_WARN_BOOL_CONVERSION = YES;
				CLANG_WARN_COMMA = YES;
				CLANG_WARN_CONSTANT_CONVERSION = YES;
				CLANG_WARN_DEPRECATED_OBJC_IMPLEMENTATIONS = YES;
				CLANG_WARN_DIRECT_OBJC_ISA_USAGE = YES_ERROR;
				CLANG_WARN_DOCUMENTATION_COMMENTS = YES;
				CLANG_WARN_EMPTY_BODY = YES;
				CLANG_WARN_ENUM_CONVERSION = YES;
				CLANG_WARN_INFINITE_RECURSION = YES;
				CLANG_WARN_INT_CONVERSION = YES;
				CLANG_WARN_NON_LITERAL_NULL_CONVERSION = YES;
				CLANG_WARN_OBJC_IMPLICIT_RETAIN_SELF = YES;
				CLANG_WARN_OBJC_LITERAL_CONVERSION = YES;
				CLANG_WARN_OBJC_ROOT_CLASS = YES_ERROR;
				CLANG_WARN_RANGE_LOOP_ANALYSIS = YES;
				CLANG_WARN_STRICT_PROTOTYPES = YES;
				CLANG_WARN_SUSPICIOUS_MOVE = YES;
				CLANG_WARN_UNGUARDED_AVAILABILITY = YES_AGGRESSIVE;
				CLANG_WARN_UNREACHABLE_CODE = YES;
				CLANG_WARN__DUPLICATE_METHOD_MATCH = YES;
				CODE_SIGN_IDENTITY = "iPhone Developer";
				COPY_PHASE_STRIP = NO;
				DEBUG_INFORMATION_FORMAT = "dwarf-with-dsym";
				ENABLE_NS_ASSERTIONS = NO;
				ENABLE_STRICT_OBJC_MSGSEND = YES;
				GCC_C_LANGUAGE_STANDARD = gnu11;
				GCC_NO_COMMON_BLOCKS = YES;
				GCC_WARN_64_TO_32_BIT_CONVERSION = YES;
				GCC_WARN_ABOUT_RETURN_TYPE = YES_ERROR;
				GCC_WARN_UNDECLARED_SELECTOR = YES;
				GCC_WARN_UNINITIALIZED_AUTOS = YES_AGGRESSIVE;
				GCC_WARN_UNUSED_FUNCTION = YES;
				GCC_WARN_UNUSED_VARIABLE = YES;
				HEADER_SEARCH_PATHS = (
					"$(PROJECT_DIR)/**",
					"$(inherited)",
				);
				IPHONEOS_DEPLOYMENT_TARGET = 11.4;
				LIBRARY_SEARCH_PATHS = (
					"$(PROJECT_DIR)/**",
					"$(inherited)",
				);
				MTL_ENABLE_DEBUG_INFO = NO;
				OTHER_LDFLAGS = "$(inherited)";
				SDKROOT = iphoneos;
				SWIFT_COMPILATION_MODE = wholemodule;
				SWIFT_OPTIMIZATION_LEVEL = "-O";
				VALIDATE_PRODUCT = YES;
			};
			name = Release;
		};
		43544E86213D426100179EF8 /* Debug */ = {
			isa = XCBuildConfiguration;
			baseConfigurationReference = A89EBB5F5C4A2413C758F18A /* Pods-TravelDiaries.debug.xcconfig */;
			buildSettings = {
				ASSETCATALOG_COMPILER_APPICON_NAME = AppIcon;
				CODE_SIGN_IDENTITY = "iPhone Developer";
				CODE_SIGN_STYLE = Automatic;
				DEVELOPMENT_TEAM = "";
				HEADER_SEARCH_PATHS = (
					"$(PROJECT_DIR)/**",
					"$(inherited)",
				);
				INFOPLIST_FILE = TravelDiaries/Info.plist;
				LD_RUNPATH_SEARCH_PATHS = (
					"$(inherited)",
					"@executable_path/Frameworks",
				);
				LIBRARY_SEARCH_PATHS = (
					"$(PROJECT_DIR)/**",
					"$(inherited)",
				);
				PRODUCT_BUNDLE_IDENTIFIER = wipro.TravelDiaries;
				PRODUCT_NAME = "$(TARGET_NAME)";
				PROVISIONING_PROFILE_SPECIFIER = "";
				SWIFT_VERSION = 4.0;
				TARGETED_DEVICE_FAMILY = "1,2";
			};
			name = Debug;
		};
		43544E87213D426100179EF8 /* Release */ = {
			isa = XCBuildConfiguration;
			baseConfigurationReference = 2B2072A3DD62C0E4AA6C5B1B /* Pods-TravelDiaries.release.xcconfig */;
			buildSettings = {
				ASSETCATALOG_COMPILER_APPICON_NAME = AppIcon;
				CODE_SIGN_IDENTITY = "iPhone Developer";
				CODE_SIGN_STYLE = Automatic;
				DEVELOPMENT_TEAM = "";
				HEADER_SEARCH_PATHS = (
					"$(PROJECT_DIR)/**",
					"$(inherited)",
				);
				INFOPLIST_FILE = TravelDiaries/Info.plist;
				LD_RUNPATH_SEARCH_PATHS = (
					"$(inherited)",
					"@executable_path/Frameworks",
				);
				LIBRARY_SEARCH_PATHS = (
					"$(PROJECT_DIR)/**",
					"$(inherited)",
				);
				PRODUCT_BUNDLE_IDENTIFIER = wipro.TravelDiaries;
				PRODUCT_NAME = "$(TARGET_NAME)";
				PROVISIONING_PROFILE_SPECIFIER = "";
				SWIFT_VERSION = 4.0;
				TARGETED_DEVICE_FAMILY = "1,2";
			};
			name = Release;
		};
		43544E89213D426100179EF8 /* Debug */ = {
			isa = XCBuildConfiguration;
			baseConfigurationReference = 9C41DFDAFB77EB715782475B /* Pods-TravelDiariesTests.debug.xcconfig */;
			buildSettings = {
				ALWAYS_EMBED_SWIFT_STANDARD_LIBRARIES = YES;
				BUNDLE_LOADER = "$(TEST_HOST)";
				CODE_SIGN_STYLE = Automatic;
				ENABLE_BITCODE = NO;
				INFOPLIST_FILE = TravelDiariesTests/Info.plist;
				LD_RUNPATH_SEARCH_PATHS = (
					"$(inherited)",
					"@executable_path/Frameworks",
					"@loader_path/Frameworks",
				);
				PRODUCT_BUNDLE_IDENTIFIER = wipro.TravelDiariesTests;
				PRODUCT_NAME = "$(TARGET_NAME)";
				SWIFT_VERSION = 4.0;
				TARGETED_DEVICE_FAMILY = "1,2";
				TEST_HOST = "$(BUILT_PRODUCTS_DIR)/TravelDiaries.app/TravelDiaries";
			};
			name = Debug;
		};
		43544E8A213D426100179EF8 /* Release */ = {
			isa = XCBuildConfiguration;
			baseConfigurationReference = 6011AD73ABD203239D270054 /* Pods-TravelDiariesTests.release.xcconfig */;
			buildSettings = {
				ALWAYS_EMBED_SWIFT_STANDARD_LIBRARIES = YES;
				BUNDLE_LOADER = "$(TEST_HOST)";
				CODE_SIGN_STYLE = Automatic;
				ENABLE_BITCODE = NO;
				INFOPLIST_FILE = TravelDiariesTests/Info.plist;
				LD_RUNPATH_SEARCH_PATHS = (
					"$(inherited)",
					"@executable_path/Frameworks",
					"@loader_path/Frameworks",
				);
				PRODUCT_BUNDLE_IDENTIFIER = wipro.TravelDiariesTests;
				PRODUCT_NAME = "$(TARGET_NAME)";
				SWIFT_VERSION = 4.0;
				TARGETED_DEVICE_FAMILY = "1,2";
				TEST_HOST = "$(BUILT_PRODUCTS_DIR)/TravelDiaries.app/TravelDiaries";
			};
			name = Release;
		};
/* End XCBuildConfiguration section */

/* Begin XCConfigurationList section */
		43544E60213D425E00179EF8 /* Build configuration list for PBXProject "TravelDiaries" */ = {
			isa = XCConfigurationList;
			buildConfigurations = (
				43544E83213D426100179EF8 /* Debug */,
				43544E84213D426100179EF8 /* Release */,
			);
			defaultConfigurationIsVisible = 0;
			defaultConfigurationName = Release;
		};
		43544E85213D426100179EF8 /* Build configuration list for PBXNativeTarget "TravelDiaries" */ = {
			isa = XCConfigurationList;
			buildConfigurations = (
				43544E86213D426100179EF8 /* Debug */,
				43544E87213D426100179EF8 /* Release */,
			);
			defaultConfigurationIsVisible = 0;
			defaultConfigurationName = Release;
		};
		43544E88213D426100179EF8 /* Build configuration list for PBXNativeTarget "TravelDiariesTests" */ = {
			isa = XCConfigurationList;
			buildConfigurations = (
				43544E89213D426100179EF8 /* Debug */,
				43544E8A213D426100179EF8 /* Release */,
			);
			defaultConfigurationIsVisible = 0;
			defaultConfigurationName = Release;
		};
/* End XCConfigurationList section */
	};
	rootObject = 43544E5D213D425E00179EF8 /* Project object */;
}
